
Microsoft Visual Studio Solution File, Format Version 12.00
# Visual Studio Version 16
VisualStudioVersion = 16.0.28721.148
MinimumVisualStudioVersion = 10.0.40219.1
Project("{FAE04EC0-301F-11D3-BF4B-00C04F79EFBC}") = "NIDashboard", "NIDashboard\NIDashboard.csproj", "{5572D76D-8D7C-4A60-B253-9F0E7AC28B63}"
EndProject
Global
	GlobalSection(SolutionConfigurationPlatforms) = preSolution
		Debug|Any CPU = Debug|Any CPU
		Release|Any CPU = Release|Any CPU
	EndGlobalSection
	GlobalSection(ProjectConfigurationPlatforms) = postSolution
		{5572D76D-8D7C-4A60-B253-9F0E7AC28B63}.Debug|Any CPU.ActiveCfg = Debug|Any CPU
		{5572D76D-8D7C-4A60-B253-9F0E7AC28B63}.Debug|Any CPU.Build.0 = Debug|Any CPU
		{5572D76D-8D7C-4A60-B253-9F0E7AC28B63}.Release|Any CPU.ActiveCfg = Release|Any CPU
		{5572D76D-8D7C-4A60-B253-9F0E7AC28B63}.Release|Any CPU.Build.0 = Release|Any CPU
	EndGlobalSection
	GlobalSection(SolutionProperties) = preSolution
		HideSolutionNode = FALSE
	EndGlobalSection
	GlobalSection(ExtensibilityGlobals) = postSolution
		SolutionGuid = {E70AA7B8-604D-4D83-B869-E1E18B3310A5}
	EndGlobalSection
EndGlobal
